
Microsoft Visual Studio Solution File, Format Version 12.00
# Visual Studio Version 16
VisualStudioVersion = 16.0.29201.188
MinimumVisualStudioVersion = 10.0.40219.1
Project("{FAE04EC0-301F-11D3-BF4B-00C04F79EFBC}") = "BR_MechQuirks", "BR_MechQuirks\BR_MechQuirks.csproj", "{BE80063B-FF73-4B5E-B608-D2237559A631}"
EndProject
Global
	GlobalSection(SolutionConfigurationPlatforms) = preSolution
		Debug|Any CPU = Debug|Any CPU
		Release|Any CPU = Release|Any CPU
	EndGlobalSection
	GlobalSection(ProjectConfigurationPlatforms) = postSolution
		{BE80063B-FF73-4B5E-B608-D2237559A631}.Debug|Any CPU.ActiveCfg = Debug|Any CPU
		{BE80063B-FF73-4B5E-B608-D2237559A631}.Debug|Any CPU.Build.0 = Debug|Any CPU
		{BE80063B-FF73-4B5E-B608-D2237559A631}.Release|Any CPU.ActiveCfg = Release|Any CPU
		{BE80063B-FF73-4B5E-B608-D2237559A631}.Release|Any CPU.Build.0 = Release|Any CPU
	EndGlobalSection
	GlobalSection(SolutionProperties) = preSolution
		HideSolutionNode = FALSE
	EndGlobalSection
	GlobalSection(ExtensibilityGlobals) = postSolution
		SolutionGuid = {6F50116C-1D88-420B-A9E8-5AF27FB7C4BE}
	EndGlobalSection
EndGlobal
